
Microsoft Visual Studio Solution File, Format Version 12.00
# Visual Studio 2013
VisualStudioVersion = 12.0.31101.0
MinimumVisualStudioVersion = 10.0.40219.1
Project("{FAE04EC0-301F-11D3-BF4B-00C04F79EFBC}") = "TinyMetroWpfLibrary", "TinyMetroWpfLibrary\TinyMetroWpfLibrary.csproj", "{EE62B058-2EBD-462A-AD41-FF6099CD800C}"
EndProject
Project("{FAE04EC0-301F-11D3-BF4B-00C04F79EFBC}") = "Demo", "Demo\Demo\Demo.csproj", "{E0304F04-479B-4075-81DD-FF598EB0B886}"
EndProject
Project("{FAE04EC0-301F-11D3-BF4B-00C04F79EFBC}") = "TinyMetroWpfLibrary.LogUtil", "TinyMetroWpfLibrary.LogUtil\TinyMetroWpfLibrary.LogUtil.csproj", "{514904AC-D8C6-4235-9349-02EDEC00649D}"
EndProject
Project("{FAE04EC0-301F-11D3-BF4B-00C04F79EFBC}") = "TinyMetroWpfLibrary.Utility", "TinyMetroWpfLibrary.Utility\TinyMetroWpfLibrary.Utility.csproj", "{00E39404-4D20-4213-A194-E242B3A7D305}"
EndProject
Project("{FAE04EC0-301F-11D3-BF4B-00C04F79EFBC}") = "TinyMetroWpfLibrary.Controls", "TinyMetroWpfLibrary.Controls\TinyMetroWpfLibrary.Controls.csproj", "{7ABE44B3-55D7-43AA-9742-88D7359ED0E6}"
EndProject
Global
	GlobalSection(SolutionConfigurationPlatforms) = preSolution
		Debug|Any CPU = Debug|Any CPU
		Release|Any CPU = Release|Any CPU
	EndGlobalSection
	GlobalSection(ProjectConfigurationPlatforms) = postSolution
		{EE62B058-2EBD-462A-AD41-FF6099CD800C}.Debug|Any CPU.ActiveCfg = Debug|Any CPU
		{EE62B058-2EBD-462A-AD41-FF6099CD800C}.Debug|Any CPU.Build.0 = Debug|Any CPU
		{EE62B058-2EBD-462A-AD41-FF6099CD800C}.Release|Any CPU.ActiveCfg = Release|Any CPU
		{EE62B058-2EBD-462A-AD41-FF6099CD800C}.Release|Any CPU.Build.0 = Release|Any CPU
		{E0304F04-479B-4075-81DD-FF598EB0B886}.Debug|Any CPU.ActiveCfg = Debug|Any CPU
		{E0304F04-479B-4075-81DD-FF598EB0B886}.Debug|Any CPU.Build.0 = Debug|Any CPU
		{E0304F04-479B-4075-81DD-FF598EB0B886}.Release|Any CPU.ActiveCfg = Release|Any CPU
		{E0304F04-479B-4075-81DD-FF598EB0B886}.Release|Any CPU.Build.0 = Release|Any CPU
		{514904AC-D8C6-4235-9349-02EDEC00649D}.Debug|Any CPU.ActiveCfg = Debug|Any CPU
		{514904AC-D8C6-4235-9349-02EDEC00649D}.Debug|Any CPU.Build.0 = Debug|Any CPU
		{514904AC-D8C6-4235-9349-02EDEC00649D}.Release|Any CPU.ActiveCfg = Release|Any CPU
		{514904AC-D8C6-4235-9349-02EDEC00649D}.Release|Any CPU.Build.0 = Release|Any CPU
		{00E39404-4D20-4213-A194-E242B3A7D305}.Debug|Any CPU.ActiveCfg = Debug|Any CPU
		{00E39404-4D20-4213-A194-E242B3A7D305}.Debug|Any CPU.Build.0 = Debug|Any CPU
		{00E39404-4D20-4213-A194-E242B3A7D305}.Release|Any CPU.ActiveCfg = Release|Any CPU
		{00E39404-4D20-4213-A194-E242B3A7D305}.Release|Any CPU.Build.0 = Release|Any CPU
		{7ABE44B3-55D7-43AA-9742-88D7359ED0E6}.Debug|Any CPU.ActiveCfg = Debug|Any CPU
		{7ABE44B3-55D7-43AA-9742-88D7359ED0E6}.Debug|Any CPU.Build.0 = Debug|Any CPU
		{7ABE44B3-55D7-43AA-9742-88D7359ED0E6}.Release|Any CPU.ActiveCfg = Release|Any CPU
		{7ABE44B3-55D7-43AA-9742-88D7359ED0E6}.Release|Any CPU.Build.0 = Release|Any CPU
	EndGlobalSection
	GlobalSection(SolutionProperties) = preSolution
		HideSolutionNode = FALSE
	EndGlobalSection
EndGlobal
